
Microsoft Visual Studio Solution File, Format Version 12.00
# Visual Studio Version 17
VisualStudioVersion = 17.4.33213.308
MinimumVisualStudioVersion = 10.0.40219.1
Project("{FAE04EC0-301F-11D3-BF4B-00C04F79EFBC}") = "PersonsLibrary", "PersonsLibrary.csproj", "{5FAA70F6-522E-4CDA-A3BC-49B30D58B55F}"
EndProject
Global
	GlobalSection(SolutionConfigurationPlatforms) = preSolution
		Debug|Any CPU = Debug|Any CPU
		Release|Any CPU = Release|Any CPU
	EndGlobalSection
	GlobalSection(ProjectConfigurationPlatforms) = postSolution
		{5FAA70F6-522E-4CDA-A3BC-49B30D58B55F}.Debug|Any CPU.ActiveCfg = Debug|Any CPU
		{5FAA70F6-522E-4CDA-A3BC-49B30D58B55F}.Debug|Any CPU.Build.0 = Debug|Any CPU
		{5FAA70F6-522E-4CDA-A3BC-49B30D58B55F}.Release|Any CPU.ActiveCfg = Release|Any CPU
		{5FAA70F6-522E-4CDA-A3BC-49B30D58B55F}.Release|Any CPU.Build.0 = Release|Any CPU
	EndGlobalSection
	GlobalSection(SolutionProperties) = preSolution
		HideSolutionNode = FALSE
	EndGlobalSection
	GlobalSection(ExtensibilityGlobals) = postSolution
		SolutionGuid = {708C36D3-7019-4A01-866D-593D3A9ED596}
	EndGlobalSection
EndGlobal
